lockfileVersion: 5.4

importers:

  .:
    specifiers: {}

  packages/api:
    specifiers: {}

  packages/types:
    specifiers:
      types: workspace:^1.0.0
      typescript: ^4.9.3
    devDependencies:
      types: 'link:'
      typescript: 4.9.3

  packages/web:
    specifiers: {}

packages:

  /typescript/4.9.3:
    resolution: {integrity: sha512-CIfGzTelbKNEnLpLdGFgdyKhG23CKdKgQPOBc+OUNrkJ2vr+KSzsSV5kq5iWhEQbok+quxgGzrAtGWCyU7tHnA==}
    engines: {node: '>=4.2.0'}
    hasBin: true
    dev: true
